
Microsoft Visual Studio Solution File, Format Version 12.00
# Visual Studio Version 17
VisualStudioVersion = 17.3.32611.2
MinimumVisualStudioVersion = 10.0.40219.1
Project("{888888A0-9F3D-457C-B088-3A5042F75D52}") = "CNN try 2", "CNN try 2.pyproj", "{CE744FB8-E8AC-4BEF-A3DE-46EAE4EF2358}"
EndProject
Global
	GlobalSection(SolutionConfigurationPlatforms) = preSolution
		Debug|Any CPU = Debug|Any CPU
		Release|Any CPU = Release|Any CPU
	EndGlobalSection
	GlobalSection(ProjectConfigurationPlatforms) = postSolution
		{CE744FB8-E8AC-4BEF-A3DE-46EAE4EF2358}.Debug|Any CPU.ActiveCfg = Debug|Any CPU
		{CE744FB8-E8AC-4BEF-A3DE-46EAE4EF2358}.Release|Any CPU.ActiveCfg = Release|Any CPU
	EndGlobalSection
	GlobalSection(SolutionProperties) = preSolution
		HideSolutionNode = FALSE
	EndGlobalSection
	GlobalSection(ExtensibilityGlobals) = postSolution
		SolutionGuid = {4970AA8B-B8DB-441C-8ECB-1C0658FD807B}
	EndGlobalSection
EndGlobal
